
Microsoft Visual Studio Solution File, Format Version 12.00
# Visual Studio Version 17
VisualStudioVersion = 17.8.34525.116
MinimumVisualStudioVersion = 10.0.40219.1
Project("{FAE04EC0-301F-11D3-BF4B-00C04F79EFBC}") = "Rad301-2024-Week2-Lab2", "Rad301-2024-Week2-Lab2\Rad301-2024-Week2-Lab2.csproj", "{20ABA152-DB66-4592-967D-DE87C6277D32}"
EndProject
Global
	GlobalSection(SolutionConfigurationPlatforms) = preSolution
		Debug|Any CPU = Debug|Any CPU
		Release|Any CPU = Release|Any CPU
	EndGlobalSection
	GlobalSection(ProjectConfigurationPlatforms) = postSolution
		{20ABA152-DB66-4592-967D-DE87C6277D32}.Debug|Any CPU.ActiveCfg = Debug|Any CPU
		{20ABA152-DB66-4592-967D-DE87C6277D32}.Debug|Any CPU.Build.0 = Debug|Any CPU
		{20ABA152-DB66-4592-967D-DE87C6277D32}.Release|Any CPU.ActiveCfg = Release|Any CPU
		{20ABA152-DB66-4592-967D-DE87C6277D32}.Release|Any CPU.Build.0 = Release|Any CPU
	EndGlobalSection
	GlobalSection(SolutionProperties) = preSolution
		HideSolutionNode = FALSE
	EndGlobalSection
	GlobalSection(ExtensibilityGlobals) = postSolution
		SolutionGuid = {BB94C2DF-16C6-423F-81D4-C7523D96F25F}
	EndGlobalSection
EndGlobal
